
Microsoft Visual Studio Solution File, Format Version 12.00
# Visual Studio Version 17
VisualStudioVersion = 17.9.34902.65
MinimumVisualStudioVersion = 10.0.40219.1
Project("{FAE04EC0-301F-11D3-BF4B-00C04F79EFBC}") = "Backend1", "Backend1\Backend1.csproj", "{419EE0B8-5718-4095-907B-73ECAB54BC9F}"
EndProject
Global
	GlobalSection(SolutionConfigurationPlatforms) = preSolution
		Debug|Any CPU = Debug|Any CPU
		Release|Any CPU = Release|Any CPU
	EndGlobalSection
	GlobalSection(ProjectConfigurationPlatforms) = postSolution
		{419EE0B8-5718-4095-907B-73ECAB54BC9F}.Debug|Any CPU.ActiveCfg = Debug|Any CPU
		{419EE0B8-5718-4095-907B-73ECAB54BC9F}.Debug|Any CPU.Build.0 = Debug|Any CPU
		{419EE0B8-5718-4095-907B-73ECAB54BC9F}.Release|Any CPU.ActiveCfg = Release|Any CPU
		{419EE0B8-5718-4095-907B-73ECAB54BC9F}.Release|Any CPU.Build.0 = Release|Any CPU
	EndGlobalSection
	GlobalSection(SolutionProperties) = preSolution
		HideSolutionNode = FALSE
	EndGlobalSection
	GlobalSection(ExtensibilityGlobals) = postSolution
		SolutionGuid = {3E50A279-C393-45E8-BA42-5AEE93C898FB}
	EndGlobalSection
EndGlobal
